
Microsoft Visual Studio Solution File, Format Version 12.00
# Visual Studio Version 17
VisualStudioVersion = 17.2.32516.85
MinimumVisualStudioVersion = 10.0.40219.1
Project("{FAE04EC0-301F-11D3-BF4B-00C04F79EFBC}") = "Car API", "Car API\Car API.csproj", "{AF0B13B7-19D9-4492-A8A1-7383002ECB34}"
EndProject
Global
	GlobalSection(SolutionConfigurationPlatforms) = preSolution
		Debug|Any CPU = Debug|Any CPU
		Release|Any CPU = Release|Any CPU
	EndGlobalSection
	GlobalSection(ProjectConfigurationPlatforms) = postSolution
		{AF0B13B7-19D9-4492-A8A1-7383002ECB34}.Debug|Any CPU.ActiveCfg = Debug|Any CPU
		{AF0B13B7-19D9-4492-A8A1-7383002ECB34}.Debug|Any CPU.Build.0 = Debug|Any CPU
		{AF0B13B7-19D9-4492-A8A1-7383002ECB34}.Release|Any CPU.ActiveCfg = Release|Any CPU
		{AF0B13B7-19D9-4492-A8A1-7383002ECB34}.Release|Any CPU.Build.0 = Release|Any CPU
	EndGlobalSection
	GlobalSection(SolutionProperties) = preSolution
		HideSolutionNode = FALSE
	EndGlobalSection
	GlobalSection(ExtensibilityGlobals) = postSolution
		SolutionGuid = {84800554-A9A9-4512-9A07-503B410C4AE2}
	EndGlobalSection
EndGlobal
